// !$*UTF8*$!
{
	archiveVersion = 1;
	classes = {
	};
	objectVersion = 46;
	objects = {

/* Begin PBXBuildFile section */
		97DF08B361F440D6AA562D9A /* libPods.a in Frameworks */ = {isa = PBXBuildFile; fileRef = 8071DF829BF549D9A1880FF2 /* libPods.a */; };
		CE22DA581946CF5800CF8CE6 /* CommonDefines.swift in Sources */ = {isa = PBXBuildFile; fileRef = CE22DA571946CF5800CF8CE6 /* CommonDefines.swift */; };
		CE2A1091193F0243007FCFCE /* MyTableController.swift in Sources */ = {isa = PBXBuildFile; fileRef = CE2A1090193F0243007FCFCE /* MyTableController.swift */; };
		CE2A1092193F0243007FCFCE /* MyTableController.swift in Sources */ = {isa = PBXBuildFile; fileRef = CE2A1090193F0243007FCFCE /* MyTableController.swift */; };
		CE8BD6A21945A12F0087C3AD /* CustomTableViewCell.swift in Sources */ = {isa = PBXBuildFile; fileRef = CE8BD6A11945A12F0087C3AD /* CustomTableViewCell.swift */; };
		CE8BD6A41945A24A0087C3AD /* MyContentView.swift in Sources */ = {isa = PBXBuildFile; fileRef = CE8BD6A31945A24A0087C3AD /* MyContentView.swift */; };
		CE9FC3611949412600232400 /* PPSViewKit.h in Headers */ = {isa = PBXBuildFile; fileRef = CE9FC3601949412600232400 /* PPSViewKit.h */; settings = {ATTRIBUTES = (Public, ); }; };
		CE9FC3671949412600232400 /* PPSViewKit.framework in Frameworks */ = {isa = PBXBuildFile; fileRef = CE9FC35C1949412600232400 /* PPSViewKit.framework */; };
		CE9FC36E1949412600232400 /* PPSViewKitTests.swift in Sources */ = {isa = PBXBuildFile; fileRef = CE9FC36D1949412600232400 /* PPSViewKitTests.swift */; };
		CE9FC3711949412600232400 /* PPSViewKit.framework in Frameworks */ = {isa = PBXBuildFile; fileRef = CE9FC35C1949412600232400 /* PPSViewKit.framework */; };
		CE9FC3721949412600232400 /* PPSViewKit.framework in Embed Frameworks */ = {isa = PBXBuildFile; fileRef = CE9FC35C1949412600232400 /* PPSViewKit.framework */; settings = {ATTRIBUTES = (CodeSignOnCopy, ); }; };
		CE9FC3851949415000232400 /* PPSStarView.swift in Sources */ = {isa = PBXBuildFile; fileRef = CE9FC3841949415000232400 /* PPSStarView.swift */; };
		CE9FC3861949415000232400 /* PPSStarView.swift in Sources */ = {isa = PBXBuildFile; fileRef = CE9FC3841949415000232400 /* PPSStarView.swift */; };
		CEF0CE1A193ED0DA003395DF /* AppDelegate.swift in Sources */ = {isa = PBXBuildFile; fileRef = CEF0CE19193ED0DA003395DF /* AppDelegate.swift */; };
		CEF0CE1C193ED0DA003395DF /* FirstViewController.swift in Sources */ = {isa = PBXBuildFile; fileRef = CEF0CE1B193ED0DA003395DF /* FirstViewController.swift */; };
		CEF0CE1E193ED0DA003395DF /* SecondViewController.swift in Sources */ = {isa = PBXBuildFile; fileRef = CEF0CE1D193ED0DA003395DF /* SecondViewController.swift */; };
		CEF0CE21193ED0DA003395DF /* Main.storyboard in Resources */ = {isa = PBXBuildFile; fileRef = CEF0CE1F193ED0DA003395DF /* Main.storyboard */; };
		CEF0CE23193ED0DA003395DF /* Images.xcassets in Resources */ = {isa = PBXBuildFile; fileRef = CEF0CE22193ED0DA003395DF /* Images.xcassets */; };
		CEF0CE2F193ED0DA003395DF /* learnSwiftTests.swift in Sources */ = {isa = PBXBuildFile; fileRef = CEF0CE2E193ED0DA003395DF /* learnSwiftTests.swift */; };
/* End PBXBuildFile section */

/* Begin PBXContainerItemProxy section */
		CE9FC3681949412600232400 /* PBXContainerItemProxy */ = {
			isa = PBXContainerItemProxy;
			containerPortal = CEF0CE0C193ED0DA003395DF /* Project object */;
			proxyType = 1;
			remoteGlobalIDString = CE9FC35B1949412600232400;
			remoteInfo = PPSViewKit;
		};
		CE9FC36F1949412600232400 /* PBXContainerItemProxy */ = {
			isa = PBXContainerItemProxy;
			containerPortal = CEF0CE0C193ED0DA003395DF /* Project object */;
			proxyType = 1;
			remoteGlobalIDString = CE9FC35B1949412600232400;
			remoteInfo = PPSViewKit;
		};
		CE9FC3731949412600232400 /* PBXContainerItemProxy */ = {
			isa = PBXContainerItemProxy;
			containerPortal = CEF0CE0C193ED0DA003395DF /* Project object */;
			proxyType = 1;
			remoteGlobalIDString = CE9FC35B1949412600232400;
			remoteInfo = PPSViewKit;
		};
		CE9FC37C1949412700232400 /* PBXContainerItemProxy */ = {
			isa = PBXContainerItemProxy;
			containerPortal = CEF0CE0C193ED0DA003395DF /* Project object */;
			proxyType = 1;
			remoteGlobalIDString = CE9FC35B1949412600232400;
			remoteInfo = PPSViewKit;
		};
		CE9FC37E1949412700232400 /* PBXContainerItemProxy */ = {
			isa = PBXContainerItemProxy;
			containerPortal = CEF0CE0C193ED0DA003395DF /* Project object */;
			proxyType = 1;
			remoteGlobalIDString = CE9FC35B1949412600232400;
			remoteInfo = PPSViewKit;
		};
		CE9FC3801949412800232400 /* PBXContainerItemProxy */ = {
			isa = PBXContainerItemProxy;
			containerPortal = CEF0CE0C193ED0DA003395DF /* Project object */;
			proxyType = 1;
			remoteGlobalIDString = CE9FC35B1949412600232400;
			remoteInfo = PPSViewKit;
		};
		CE9FC3821949412800232400 /* PBXContainerItemProxy */ = {
			isa = PBXContainerItemProxy;
			containerPortal = CEF0CE0C193ED0DA003395DF /* Project object */;
			proxyType = 1;
			remoteGlobalIDString = CE9FC35B1949412600232400;
			remoteInfo = PPSViewKit;
		};
		CEF0CE29193ED0DA003395DF /* PBXContainerItemProxy */ = {
			isa = PBXContainerItemProxy;
			containerPortal = CEF0CE0C193ED0DA003395DF /* Project object */;
			proxyType = 1;
			remoteGlobalIDString = CEF0CE13193ED0DA003395DF;
			remoteInfo = learnSwift;
		};
/* End PBXContainerItemProxy section */

/* Begin PBXCopyFilesBuildPhase section */
		CE9FC37A1949412600232400 /* Embed Frameworks */ = {
			isa = PBXCopyFilesBuildPhase;
			buildActionMask = 2147483647;
			dstPath = "";
			dstSubfolderSpec = 10;
			files = (
				CE9FC3721949412600232400 /* PPSViewKit.framework in Embed Frameworks */,
			);
			name = "Embed Frameworks";
			runOnlyForDeploymentPostprocessing = 0;
		};
/* End PBXCopyFilesBuildPhase section */

/* Begin PBXFileReference section */
		8071DF829BF549D9A1880FF2 /* libPods.a */ = {isa = PBXFileReference; explicitFileType = archive.ar; includeInIndex = 0; path = libPods.a; sourceTree = BUILT_PRODUCTS_DIR; };
		9DD6C17904AE48108942F082 /* Pods.xcconfig */ = {isa = PBXFileReference; includeInIndex = 1; lastKnownFileType = text.xcconfig; name = Pods.xcconfig; path = Pods/Pods.xcconfig; sourceTree = "<group>"; };
		CE22DA571946CF5800CF8CE6 /* CommonDefines.swift */ = {isa = PBXFileReference; fileEncoding = 4; lastKnownFileType = sourcecode.swift; path = CommonDefines.swift; sourceTree = "<group>"; };
		CE22DA5B1946F84600CF8CE6 /* learnSwift-Bridging-Header.h */ = {isa = PBXFileReference; lastKnownFileType = sourcecode.c.h; path = "learnSwift-Bridging-Header.h"; sourceTree = "<group>"; };
		CE22DA5C1946F84600CF8CE6 /* learnSwiftTests-Bridging-Header.h */ = {isa = PBXFileReference; lastKnownFileType = sourcecode.c.h; path = "learnSwiftTests-Bridging-Header.h"; sourceTree = "<group>"; };
		CE2A1090193F0243007FCFCE /* MyTableController.swift */ = {isa = PBXFileReference; fileEncoding = 4; lastKnownFileType = sourcecode.swift; path = MyTableController.swift; sourceTree = "<group>"; };
		CE8BD6A11945A12F0087C3AD /* CustomTableViewCell.swift */ = {isa = PBXFileReference; fileEncoding = 4; lastKnownFileType = sourcecode.swift; path = CustomTableViewCell.swift; sourceTree = "<group>"; };
		CE8BD6A31945A24A0087C3AD /* MyContentView.swift */ = {isa = PBXFileReference; fileEncoding = 4; lastKnownFileType = sourcecode.swift; path = MyContentView.swift; sourceTree = "<group>"; };
		CE9FC35C1949412600232400 /* PPSViewKit.framework */ = {isa = PBXFileReference; explicitFileType = wrapper.framework; includeInIndex = 0; path = PPSViewKit.framework; sourceTree = BUILT_PRODUCTS_DIR; };
		CE9FC35F1949412600232400 /* Info.plist */ = {isa = PBXFileReference; lastKnownFileType = text.plist.xml; path = Info.plist; sourceTree = "<group>"; };
		CE9FC3601949412600232400 /* PPSViewKit.h */ = {isa = PBXFileReference; lastKnownFileType = sourcecode.c.h; path = PPSViewKit.h; sourceTree = "<group>"; };
		CE9FC3661949412600232400 /* PPSViewKitTests.xctest */ = {isa = PBXFileReference; explicitFileType = wrapper.cfbundle; includeInIndex = 0; path = PPSViewKitTests.xctest; sourceTree = BUILT_PRODUCTS_DIR; };
		CE9FC36C1949412600232400 /* Info.plist */ = {isa = PBXFileReference; lastKnownFileType = text.plist.xml; path = Info.plist; sourceTree = "<group>"; };
		CE9FC36D1949412600232400 /* PPSViewKitTests.swift */ = {isa = PBXFileReference; lastKnownFileType = sourcecode.swift; path = PPSViewKitTests.swift; sourceTree = "<group>"; };
		CE9FC3841949415000232400 /* PPSStarView.swift */ = {isa = PBXFileReference; fileEncoding = 4; lastKnownFileType = sourcecode.swift; path = PPSStarView.swift; sourceTree = "<group>"; };
		CEF0CE14193ED0DA003395DF /* learnSwift.app */ = {isa = PBXFileReference; explicitFileType = wrapper.application; includeInIndex = 0; path = learnSwift.app; sourceTree = BUILT_PRODUCTS_DIR; };
		CEF0CE18193ED0DA003395DF /* Info.plist */ = {isa = PBXFileReference; lastKnownFileType = text.plist.xml; path = Info.plist; sourceTree = "<group>"; };
		CEF0CE19193ED0DA003395DF /* AppDelegate.swift */ = {isa = PBXFileReference; lastKnownFileType = sourcecode.swift; path = AppDelegate.swift; sourceTree = "<group>"; };
		CEF0CE1B193ED0DA003395DF /* FirstViewController.swift */ = {isa = PBXFileReference; lastKnownFileType = sourcecode.swift; path = FirstViewController.swift; sourceTree = "<group>"; };
		CEF0CE1D193ED0DA003395DF /* SecondViewController.swift */ = {isa = PBXFileReference; lastKnownFileType = sourcecode.swift; path = SecondViewController.swift; sourceTree = "<group>"; };
		CEF0CE20193ED0DA003395DF /* Base */ = {isa = PBXFileReference; lastKnownFileType = file.storyboard; name = Base; path = Base.lproj/Main.storyboard; sourceTree = "<group>"; };
		CEF0CE22193ED0DA003395DF /* Images.xcassets */ = {isa = PBXFileReference; lastKnownFileType = folder.assetcatalog; path = Images.xcassets; sourceTree = "<group>"; };
		CEF0CE28193ED0DA003395DF /* learnSwiftTests.xctest */ = {isa = PBXFileReference; explicitFileType = wrapper.cfbundle; includeInIndex = 0; path = learnSwiftTests.xctest; sourceTree = BUILT_PRODUCTS_DIR; };
		CEF0CE2D193ED0DA003395DF /* Info.plist */ = {isa = PBXFileReference; lastKnownFileType = text.plist.xml; path = Info.plist; sourceTree = "<group>"; };
		CEF0CE2E193ED0DA003395DF /* learnSwiftTests.swift */ = {isa = PBXFileReference; lastKnownFileType = sourcecode.swift; path = learnSwiftTests.swift; sourceTree = "<group>"; };
/* End PBXFileReference section */

/* Begin PBXFrameworksBuildPhase section */
		CE9FC3581949412600232400 /* Frameworks */ = {
			isa = PBXFrameworksBuildPhase;
			buildActionMask = 2147483647;
			files = (
			);
			runOnlyForDeploymentPostprocessing = 0;
		};
		CE9FC3631949412600232400 /* Frameworks */ = {
			isa = PBXFrameworksBuildPhase;
			buildActionMask = 2147483647;
			files = (
				CE9FC3671949412600232400 /* PPSViewKit.framework in Frameworks */,
			);
			runOnlyForDeploymentPostprocessing = 0;
		};
		CEF0CE11193ED0DA003395DF /* Frameworks */ = {
			isa = PBXFrameworksBuildPhase;
			buildActionMask = 2147483647;
			files = (
				CE9FC3711949412600232400 /* PPSViewKit.framework in Frameworks */,
				97DF08B361F440D6AA562D9A /* libPods.a in Frameworks */,
			);
			runOnlyForDeploymentPostprocessing = 0;
		};
		CEF0CE25193ED0DA003395DF /* Frameworks */ = {
			isa = PBXFrameworksBuildPhase;
			buildActionMask = 2147483647;
			files = (
			);
			runOnlyForDeploymentPostprocessing = 0;
		};
/* End PBXFrameworksBuildPhase section */

/* Begin PBXGroup section */
		156CCA70401B48E18C9A6FF2 /* Frameworks */ = {
			isa = PBXGroup;
			children = (
				8071DF829BF549D9A1880FF2 /* libPods.a */,
			);
			name = Frameworks;
			sourceTree = "<group>";
		};
		CE22DA591946CF7200CF8CE6 /* viewControllers */ = {
			isa = PBXGroup;
			children = (
				CE8BD6A31945A24A0087C3AD /* MyContentView.swift */,
				CE8BD6A11945A12F0087C3AD /* CustomTableViewCell.swift */,
				CEF0CE19193ED0DA003395DF /* AppDelegate.swift */,
				CEF0CE1B193ED0DA003395DF /* FirstViewController.swift */,
				CEF0CE1D193ED0DA003395DF /* SecondViewController.swift */,
				CE2A1090193F0243007FCFCE /* MyTableController.swift */,
				CEF0CE1F193ED0DA003395DF /* Main.storyboard */,
			);
			name = viewControllers;
			sourceTree = "<group>";
		};
		CE95687D1947E7D100A7AA6C /* bridge */ = {
			isa = PBXGroup;
			children = (
				CE22DA5B1946F84600CF8CE6 /* learnSwift-Bridging-Header.h */,
				CE22DA5C1946F84600CF8CE6 /* learnSwiftTests-Bridging-Header.h */,
			);
			name = bridge;
			sourceTree = "<group>";
		};
		CE9FC35D1949412600232400 /* PPSViewKit */ = {
			isa = PBXGroup;
			children = (
				CE9FC3601949412600232400 /* PPSViewKit.h */,
				CE9FC3841949415000232400 /* PPSStarView.swift */,
				CE9FC35E1949412600232400 /* Supporting Files */,
			);
			path = PPSViewKit;
			sourceTree = "<group>";
		};
		CE9FC35E1949412600232400 /* Supporting Files */ = {
			isa = PBXGroup;
			children = (
				CE9FC35F1949412600232400 /* Info.plist */,
			);
			name = "Supporting Files";
			sourceTree = "<group>";
		};
		CE9FC36A1949412600232400 /* PPSViewKitTests */ = {
			isa = PBXGroup;
			children = (
				CE9FC36D1949412600232400 /* PPSViewKitTests.swift */,
				CE9FC36B1949412600232400 /* Supporting Files */,
			);
			path = PPSViewKitTests;
			sourceTree = "<group>";
		};
		CE9FC36B1949412600232400 /* Supporting Files */ = {
			isa = PBXGroup;
			children = (
				CE9FC36C1949412600232400 /* Info.plist */,
			);
			name = "Supporting Files";
			sourceTree = "<group>";
		};
		CEF0CE0B193ED0DA003395DF = {
			isa = PBXGroup;
			children = (
				CEF0CE16193ED0DA003395DF /* learnSwift */,
				CEF0CE2B193ED0DA003395DF /* learnSwiftTests */,
				CE9FC35D1949412600232400 /* PPSViewKit */,
				CE9FC36A1949412600232400 /* PPSViewKitTests */,
				CEF0CE15193ED0DA003395DF /* Products */,
				9DD6C17904AE48108942F082 /* Pods.xcconfig */,
				156CCA70401B48E18C9A6FF2 /* Frameworks */,
			);
			sourceTree = "<group>";
		};
		CEF0CE15193ED0DA003395DF /* Products */ = {
			isa = PBXGroup;
			children = (
				CEF0CE14193ED0DA003395DF /* learnSwift.app */,
				CEF0CE28193ED0DA003395DF /* learnSwiftTests.xctest */,
				CE9FC35C1949412600232400 /* PPSViewKit.framework */,
				CE9FC3661949412600232400 /* PPSViewKitTests.xctest */,
			);
			name = Products;
			sourceTree = "<group>";
		};
		CEF0CE16193ED0DA003395DF /* learnSwift */ = {
			isa = PBXGroup;
			children = (
				CE22DA571946CF5800CF8CE6 /* CommonDefines.swift */,
				CE22DA591946CF7200CF8CE6 /* viewControllers */,
				CEF0CE22193ED0DA003395DF /* Images.xcassets */,
				CEF0CE17193ED0DA003395DF /* Supporting Files */,
				CE95687D1947E7D100A7AA6C /* bridge */,
			);
			path = learnSwift;
			sourceTree = "<group>";
		};
		CEF0CE17193ED0DA003395DF /* Supporting Files */ = {
			isa = PBXGroup;
			children = (
				CEF0CE18193ED0DA003395DF /* Info.plist */,
			);
			name = "Supporting Files";
			sourceTree = "<group>";
		};
		CEF0CE2B193ED0DA003395DF /* learnSwiftTests */ = {
			isa = PBXGroup;
			children = (
				CEF0CE2E193ED0DA003395DF /* learnSwiftTests.swift */,
				CEF0CE2C193ED0DA003395DF /* Supporting Files */,
			);
			path = learnSwiftTests;
			sourceTree = "<group>";
		};
		CEF0CE2C193ED0DA003395DF /* Supporting Files */ = {
			isa = PBXGroup;
			children = (
				CEF0CE2D193ED0DA003395DF /* Info.plist */,
			);
			name = "Supporting Files";
			sourceTree = "<group>";
		};
/* End PBXGroup section */

/* Begin PBXHeadersBuildPhase section */
		CE9FC3591949412600232400 /* Headers */ = {
			isa = PBXHeadersBuildPhase;
			buildActionMask = 2147483647;
			files = (
				CE9FC3611949412600232400 /* PPSViewKit.h in Headers */,
			);
			runOnlyForDeploymentPostprocessing = 0;
		};
/* End PBXHeadersBuildPhase section */

/* Begin PBXNativeTarget section */
		CE9FC35B1949412600232400 /* PPSViewKit */ = {
			isa = PBXNativeTarget;
			buildConfigurationList = CE9FC3791949412600232400 /* Build configuration list for PBXNativeTarget "PPSViewKit" */;
			buildPhases = (
				CE9FC3571949412600232400 /* Sources */,
				CE9FC3581949412600232400 /* Frameworks */,
				CE9FC3591949412600232400 /* Headers */,
				CE9FC35A1949412600232400 /* Resources */,
			);
			buildRules = (
			);
			dependencies = (
			);
			name = PPSViewKit;
			productName = PPSViewKit;
			productReference = CE9FC35C1949412600232400 /* PPSViewKit.framework */;
			productType = "com.apple.product-type.framework";
		};
		CE9FC3651949412600232400 /* PPSViewKitTests */ = {
			isa = PBXNativeTarget;
			buildConfigurationList = CE9FC37B1949412600232400 /* Build configuration list for PBXNativeTarget "PPSViewKitTests" */;
			buildPhases = (
				CE9FC3621949412600232400 /* Sources */,
				CE9FC3631949412600232400 /* Frameworks */,
				CE9FC3641949412600232400 /* Resources */,
			);
			buildRules = (
			);
			dependencies = (
				CE9FC3691949412600232400 /* PBXTargetDependency */,
				CE9FC37D1949412700232400 /* PBXTargetDependency */,
				CE9FC37F1949412700232400 /* PBXTargetDependency */,
				CE9FC3811949412800232400 /* PBXTargetDependency */,
				CE9FC3831949412800232400 /* PBXTargetDependency */,
			);
			name = PPSViewKitTests;
			productName = PPSViewKitTests;
			productReference = CE9FC3661949412600232400 /* PPSViewKitTests.xctest */;
			productType = "com.apple.product-type.bundle.unit-test";
		};
		CEF0CE13193ED0DA003395DF /* learnSwift */ = {
			isa = PBXNativeTarget;
			buildConfigurationList = CEF0CE32193ED0DA003395DF /* Build configuration list for PBXNativeTarget "learnSwift" */;
			buildPhases = (
				E06009B9364A4E209567F6F9 /* Check Pods Manifest.lock */,
				CEF0CE10193ED0DA003395DF /* Sources */,
				CEF0CE11193ED0DA003395DF /* Frameworks */,
				CEF0CE12193ED0DA003395DF /* Resources */,
				068F60078F8F4FA48DD63BA9 /* Copy Pods Resources */,
				CE9FC37A1949412600232400 /* Embed Frameworks */,
			);
			buildRules = (
			);
			dependencies = (
				CE9FC3701949412600232400 /* PBXTargetDependency */,
				CE9FC3741949412600232400 /* PBXTargetDependency */,
			);
			name = learnSwift;
			productName = learnSwift;
			productReference = CEF0CE14193ED0DA003395DF /* learnSwift.app */;
			productType = "com.apple.product-type.application";
		};
		CEF0CE27193ED0DA003395DF /* learnSwiftTests */ = {
			isa = PBXNativeTarget;
			buildConfigurationList = CEF0CE35193ED0DA003395DF /* Build configuration list for PBXNativeTarget "learnSwiftTests" */;
			buildPhases = (
				CEF0CE24193ED0DA003395DF /* Sources */,
				CEF0CE25193ED0DA003395DF /* Frameworks */,
				CEF0CE26193ED0DA003395DF /* Resources */,
			);
			buildRules = (
			);
			dependencies = (
				CEF0CE2A193ED0DA003395DF /* PBXTargetDependency */,
			);
			name = learnSwiftTests;
			productName = learnSwiftTests;
			productReference = CEF0CE28193ED0DA003395DF /* learnSwiftTests.xctest */;
			productType = "com.apple.product-type.bundle.unit-test";
		};
/* End PBXNativeTarget section */

/* Begin PBXProject section */
		CEF0CE0C193ED0DA003395DF /* Project object */ = {
			isa = PBXProject;
			attributes = {
				LastUpgradeCheck = 0600;
				ORGANIZATIONNAME = paopaosa;
				TargetAttributes = {
					CE9FC35B1949412600232400 = {
						CreatedOnToolsVersion = 6.0;
					};
					CE9FC3651949412600232400 = {
						CreatedOnToolsVersion = 6.0;
						TestTargetID = CE9FC35B1949412600232400;
					};
					CEF0CE13193ED0DA003395DF = {
						CreatedOnToolsVersion = 6.0;
					};
					CEF0CE27193ED0DA003395DF = {
						CreatedOnToolsVersion = 6.0;
						TestTargetID = CEF0CE13193ED0DA003395DF;
					};
				};
			};
			buildConfigurationList = CEF0CE0F193ED0DA003395DF /* Build configuration list for PBXProject "learnSwift" */;
			compatibilityVersion = "Xcode 3.2";
			developmentRegion = English;
			hasScannedForEncodings = 0;
			knownRegions = (
				en,
				Base,
			);
			mainGroup = CEF0CE0B193ED0DA003395DF;
			productRefGroup = CEF0CE15193ED0DA003395DF /* Products */;
			projectDirPath = "";
			projectRoot = "";
			targets = (
				CEF0CE13193ED0DA003395DF /* learnSwift */,
				CEF0CE27193ED0DA003395DF /* learnSwiftTests */,
				CE9FC35B1949412600232400 /* PPSViewKit */,
				CE9FC3651949412600232400 /* PPSViewKitTests */,
			);
		};
/* End PBXProject section */

/* Begin PBXResourcesBuildPhase section */
		CE9FC35A1949412600232400 /* Resources */ = {
			isa = PBXResourcesBuildPhase;
			buildActionMask = 2147483647;
			files = (
			);
			runOnlyForDeploymentPostprocessing = 0;
		};
		CE9FC3641949412600232400 /* Resources */ = {
			isa = PBXResourcesBuildPhase;
			buildActionMask = 2147483647;
			files = (
			);
			runOnlyForDeploymentPostprocessing = 0;
		};
		CEF0CE12193ED0DA003395DF /* Resources */ = {
			isa = PBXResourcesBuildPhase;
			buildActionMask = 2147483647;
			files = (
				CEF0CE21193ED0DA003395DF /* Main.storyboard in Resources */,
				CEF0CE23193ED0DA003395DF /* Images.xcassets in Resources */,
			);
			runOnlyForDeploymentPostprocessing = 0;
		};
		CEF0CE26193ED0DA003395DF /* Resources */ = {
			isa = PBXResourcesBuildPhase;
			buildActionMask = 2147483647;
			files = (
			);
			runOnlyForDeploymentPostprocessing = 0;
		};
/* End PBXResourcesBuildPhase section */

/* Begin PBXShellScriptBuildPhase section */
		068F60078F8F4FA48DD63BA9 /* Copy Pods Resources */ = {
			isa = PBXShellScriptBuildPhase;
			buildActionMask = 2147483647;
			files = (
			);
			inputPaths = (
			);
			name = "Copy Pods Resources";
			outputPaths = (
			);
			runOnlyForDeploymentPostprocessing = 0;
			shellPath = /bin/sh;
			shellScript = "\"${SRCROOT}/Pods/Pods-resources.sh\"\n";
			showEnvVarsInLog = 0;
		};
		E06009B9364A4E209567F6F9 /* Check Pods Manifest.lock */ = {
			isa = PBXShellScriptBuildPhase;
			buildActionMask = 2147483647;
			files = (
			);
			inputPaths = (
			);
			name = "Check Pods Manifest.lock";
			outputPaths = (
			);
			runOnlyForDeploymentPostprocessing = 0;
			shellPath = /bin/sh;
			shellScript = "diff \"${PODS_ROOT}/../Podfile.lock\" \"${PODS_ROOT}/Manifest.lock\" > /dev/null\nif [[ $? != 0 ]] ; then\n    cat << EOM\nerror: The sandbox is not in sync with the Podfile.lock. Run 'pod install' or update your CocoaPods installation.\nEOM\n    exit 1\nfi\n";
			showEnvVarsInLog = 0;
		};
/* End PBXShellScriptBuildPhase section */

/* Begin PBXSourcesBuildPhase section */
		CE9FC3571949412600232400 /* Sources */ = {
			isa = PBXSourcesBuildPhase;
			buildActionMask = 2147483647;
			files = (
				CE9FC3851949415000232400 /* PPSStarView.swift in Sources */,
			);
			runOnlyForDeploymentPostprocessing = 0;
		};
		CE9FC3621949412600232400 /* Sources */ = {
			isa = PBXSourcesBuildPhase;
			buildActionMask = 2147483647;
			files = (
				CE9FC3861949415000232400 /* PPSStarView.swift in Sources */,
				CE9FC36E1949412600232400 /* PPSViewKitTests.swift in Sources */,
			);
			runOnlyForDeploymentPostprocessing = 0;
		};
		CEF0CE10193ED0DA003395DF /* Sources */ = {
			isa = PBXSourcesBuildPhase;
			buildActionMask = 2147483647;
			files = (
				CE8BD6A41945A24A0087C3AD /* MyContentView.swift in Sources */,
				CE8BD6A21945A12F0087C3AD /* CustomTableViewCell.swift in Sources */,
				CE2A1091193F0243007FCFCE /* MyTableController.swift in Sources */,
				CEF0CE1E193ED0DA003395DF /* SecondViewController.swift in Sources */,
				CE22DA581946CF5800CF8CE6 /* CommonDefines.swift in Sources */,
				CEF0CE1A193ED0DA003395DF /* AppDelegate.swift in Sources */,
				CEF0CE1C193ED0DA003395DF /* FirstViewController.swift in Sources */,
			);
			runOnlyForDeploymentPostprocessing = 0;
		};
		CEF0CE24193ED0DA003395DF /* Sources */ = {
			isa = PBXSourcesBuildPhase;
			buildActionMask = 2147483647;
			files = (
				CE2A1092193F0243007FCFCE /* MyTableController.swift in Sources */,
				CEF0CE2F193ED0DA003395DF /* learnSwiftTests.swift in Sources */,
			);
			runOnlyForDeploymentPostprocessing = 0;
		};
/* End PBXSourcesBuildPhase section */

/* Begin PBXTargetDependency section */
		CE9FC3691949412600232400 /* PBXTargetDependency */ = {
			isa = PBXTargetDependency;
			target = CE9FC35B1949412600232400 /* PPSViewKit */;
			targetProxy = CE9FC3681949412600232400 /* PBXContainerItemProxy */;
		};
		CE9FC3701949412600232400 /* PBXTargetDependency */ = {
			isa = PBXTargetDependency;
			target = CE9FC35B1949412600232400 /* PPSViewKit */;
			targetProxy = CE9FC36F1949412600232400 /* PBXContainerItemProxy */;
		};
		CE9FC3741949412600232400 /* PBXTargetDependency */ = {
			isa = PBXTargetDependency;
			target = CE9FC35B1949412600232400 /* PPSViewKit */;
			targetProxy = CE9FC3731949412600232400 /* PBXContainerItemProxy */;
		};
		CE9FC37D1949412700232400 /* PBXTargetDependency */ = {
			isa = PBXTargetDependency;
			target = CE9FC35B1949412600232400 /* PPSViewKit */;
			targetProxy = CE9FC37C1949412700232400 /* PBXContainerItemProxy */;
		};
		CE9FC37F1949412700232400 /* PBXTargetDependency */ = {
			isa = PBXTargetDependency;
			target = CE9FC35B1949412600232400 /* PPSViewKit */;
			targetProxy = CE9FC37E1949412700232400 /* PBXContainerItemProxy */;
		};
		CE9FC3811949412800232400 /* PBXTargetDependency */ = {
			isa = PBXTargetDependency;
			target = CE9FC35B1949412600232400 /* PPSViewKit */;
			targetProxy = CE9FC3801949412800232400 /* PBXContainerItemProxy */;
		};
		CE9FC3831949412800232400 /* PBXTargetDependency */ = {
			isa = PBXTargetDependency;
			target = CE9FC35B1949412600232400 /* PPSViewKit */;
			targetProxy = CE9FC3821949412800232400 /* PBXContainerItemProxy */;
		};
		CEF0CE2A193ED0DA003395DF /* PBXTargetDependency */ = {
			isa = PBXTargetDependency;
			target = CEF0CE13193ED0DA003395DF /* learnSwift */;
			targetProxy = CEF0CE29193ED0DA003395DF /* PBXContainerItemProxy */;
		};
/* End PBXTargetDependency section */

/* Begin PBXVariantGroup section */
		CEF0CE1F193ED0DA003395DF /* Main.storyboard */ = {
			isa = PBXVariantGroup;
			children = (
				CEF0CE20193ED0DA003395DF /* Base */,
			);
			name = Main.storyboard;
			sourceTree = "<group>";
		};
/* End PBXVariantGroup section */

/* Begin XCBuildConfiguration section */
		CE9FC3751949412600232400 /* Debug */ = {
			isa = XCBuildConfiguration;
			buildSettings = {
				CLANG_ENABLE_MODULES = YES;
				CURRENT_PROJECT_VERSION = 1;
				DEFINES_MODULE = YES;
				DYLIB_COMPATIBILITY_VERSION = 1;
				DYLIB_CURRENT_VERSION = 1;
				DYLIB_INSTALL_NAME_BASE = "@rpath";
				GCC_PREPROCESSOR_DEFINITIONS = (
					"DEBUG=1",
					"$(inherited)",
				);
				INFOPLIST_FILE = PPSViewKit/Info.plist;
				INSTALL_PATH = "$(LOCAL_LIBRARY_DIR)/Frameworks";
				LD_RUNPATH_SEARCH_PATHS = "$(inherited) @executable_path/Frameworks @loader_path/Frameworks";
				METAL_ENABLE_DEBUG_INFO = YES;
				PRODUCT_NAME = "$(TARGET_NAME)";
				SKIP_INSTALL = YES;
				SWIFT_OPTIMIZATION_LEVEL = "-Onone";
				TARGETED_DEVICE_FAMILY = "1,2";
				VERSIONING_SYSTEM = "apple-generic";
				VERSION_INFO_PREFIX = "";
			};
			name = Debug;
		};
		CE9FC3761949412600232400 /* Release */ = {
			isa = XCBuildConfiguration;
			buildSettings = {
				CLANG_ENABLE_MODULES = YES;
				CURRENT_PROJECT_VERSION = 1;
				DEFINES_MODULE = YES;
				DYLIB_COMPATIBILITY_VERSION = 1;
				DYLIB_CURRENT_VERSION = 1;
				DYLIB_INSTALL_NAME_BASE = "@rpath";
				INFOPLIST_FILE = PPSViewKit/Info.plist;
				INSTALL_PATH = "$(LOCAL_LIBRARY_DIR)/Frameworks";
				LD_RUNPATH_SEARCH_PATHS = "$(inherited) @executable_path/Frameworks @loader_path/Frameworks";
				METAL_ENABLE_DEBUG_INFO = NO;
				PRODUCT_NAME = "$(TARGET_NAME)";
				SKIP_INSTALL = YES;
				TARGETED_DEVICE_FAMILY = "1,2";
				VERSIONING_SYSTEM = "apple-generic";
				VERSION_INFO_PREFIX = "";
			};
			name = Release;
		};
		CE9FC3771949412600232400 /* Debug */ = {
			isa = XCBuildConfiguration;
			buildSettings = {
				FRAMEWORK_SEARCH_PATHS = (
					"$(SDKROOT)/Developer/Library/Frameworks",
					"$(inherited)",
				);
				GCC_PREPROCESSOR_DEFINITIONS = (
					"DEBUG=1",
					"$(inherited)",
				);
				INFOPLIST_FILE = PPSViewKitTests/Info.plist;
				LD_RUNPATH_SEARCH_PATHS = "$(inherited) @executable_path/Frameworks @loader_path/Frameworks";
				METAL_ENABLE_DEBUG_INFO = YES;
				PRODUCT_NAME = "$(TARGET_NAME)";
			};
			name = Debug;
		};
		CE9FC3781949412600232400 /* Release */ = {
			isa = XCBuildConfiguration;
			buildSettings = {
				FRAMEWORK_SEARCH_PATHS = (
					"$(SDKROOT)/Developer/Library/Frameworks",
					"$(inherited)",
				);
				INFOPLIST_FILE = PPSViewKitTests/Info.plist;
				LD_RUNPATH_SEARCH_PATHS = "$(inherited) @executable_path/Frameworks @loader_path/Frameworks";
				METAL_ENABLE_DEBUG_INFO = NO;
				PRODUCT_NAME = "$(TARGET_NAME)";
			};
			name = Release;
		};
		CEF0CE30193ED0DA003395DF /* Debug */ = {
			isa = XCBuildConfiguration;
			buildSettings = {
				ALWAYS_SEARCH_USER_PATHS = NO;
				CLANG_CXX_LANGUAGE_STANDARD = "gnu++0x";
				CLANG_CXX_LIBRARY = "libc++";
				CLANG_ENABLE_MODULES = YES;
				CLANG_ENABLE_OBJC_ARC = YES;
				CLANG_WARN_BOOL_CONVERSION = YES;
				CLANG_WARN_CONSTANT_CONVERSION = YES;
				CLANG_WARN_DIRECT_OBJC_ISA_USAGE = YES_ERROR;
				CLANG_WARN_EMPTY_BODY = YES;
				CLANG_WARN_ENUM_CONVERSION = YES;
				CLANG_WARN_INT_CONVERSION = YES;
				CLANG_WARN_OBJC_ROOT_CLASS = YES_ERROR;
				CLANG_WARN_UNREACHABLE_CODE = YES;
				CLANG_WARN__DUPLICATE_METHOD_MATCH = YES;
				"CODE_SIGN_IDENTITY[sdk=iphoneos*]" = "iPhone Developer";
				COPY_PHASE_STRIP = NO;
				ENABLE_STRICT_OBJC_MSGSEND = YES;
				GCC_C_LANGUAGE_STANDARD = gnu99;
				GCC_DYNAMIC_NO_PIC = NO;
				GCC_OPTIMIZATION_LEVEL = 0;
				GCC_PREPROCESSOR_DEFINITIONS = (
					"DEBUG=1",
					"$(inherited)",
				);
				GCC_SYMBOLS_PRIVATE_EXTERN = NO;
				GCC_WARN_64_TO_32_BIT_CONVERSION = YES;
				GCC_WARN_ABOUT_RETURN_TYPE = YES_ERROR;
				GCC_WARN_UNDECLARED_SELECTOR = YES;
				GCC_WARN_UNINITIALIZED_AUTOS = YES_AGGRESSIVE;
				GCC_WARN_UNUSED_FUNCTION = YES;
				GCC_WARN_UNUSED_VARIABLE = YES;
				IPHONEOS_DEPLOYMENT_TARGET = 8.0;
				METAL_ENABLE_DEBUG_INFO = YES;
				ONLY_ACTIVE_ARCH = YES;
				SDKROOT = iphoneos;
				SWIFT_OPTIMIZATION_LEVEL = "-Onone";
			};
			name = Debug;
		};
		CEF0CE31193ED0DA003395DF /* Release */ = {
			isa = XCBuildConfiguration;
			buildSettings = {
				ALWAYS_SEARCH_USER_PATHS = NO;
				CLANG_CXX_LANGUAGE_STANDARD = "gnu++0x";
				CLANG_CXX_LIBRARY = "libc++";
				CLANG_ENABLE_MODULES = YES;
				CLANG_ENABLE_OBJC_ARC = YES;
				CLANG_WARN_BOOL_CONVERSION = YES;
				CLANG_WARN_CONSTANT_CONVERSION = YES;
				CLANG_WARN_DIRECT_OBJC_ISA_USAGE = YES_ERROR;
				CLANG_WARN_EMPTY_BODY = YES;
				CLANG_WARN_ENUM_CONVERSION = YES;
				CLANG_WARN_INT_CONVERSION = YES;
				CLANG_WARN_OBJC_ROOT_CLASS = YES_ERROR;
				CLANG_WARN_UNREACHABLE_CODE = YES;
				CLANG_WARN__DUPLICATE_METHOD_MATCH = YES;
				"CODE_SIGN_IDENTITY[sdk=iphoneos*]" = "iPhone Developer";
				COPY_PHASE_STRIP = YES;
				ENABLE_NS_ASSERTIONS = NO;
				ENABLE_STRICT_OBJC_MSGSEND = YES;
				GCC_C_LANGUAGE_STANDARD = gnu99;
				GCC_WARN_64_TO_32_BIT_CONVERSION = YES;
				GCC_WARN_ABOUT_RETURN_TYPE = YES_ERROR;
				GCC_WARN_UNDECLARED_SELECTOR = YES;
				GCC_WARN_UNINITIALIZED_AUTOS = YES_AGGRESSIVE;
				GCC_WARN_UNUSED_FUNCTION = YES;
				GCC_WARN_UNUSED_VARIABLE = YES;
				IPHONEOS_DEPLOYMENT_TARGET = 8.0;
				METAL_ENABLE_DEBUG_INFO = NO;
				SDKROOT = iphoneos;
				VALIDATE_PRODUCT = YES;
			};
			name = Release;
		};
		CEF0CE33193ED0DA003395DF /* Debug */ = {
			isa = XCBuildConfiguration;
			baseConfigurationReference = 9DD6C17904AE48108942F082 /* Pods.xcconfig */;
			buildSettings = {
				ASSETCATALOG_COMPILER_APPICON_NAME = AppIcon;
				ASSETCATALOG_COMPILER_LAUNCHIMAGE_NAME = LaunchImage;
				CLANG_ENABLE_MODULES = YES;
				GCC_PREPROCESSOR_DEFINITIONS = (
					"DEBUG=1",
					"$(inherited)",
				);
				INFOPLIST_FILE = learnSwift/Info.plist;
				IPHONEOS_DEPLOYMENT_TARGET = 8.0;
				LD_RUNPATH_SEARCH_PATHS = "$(inherited) @executable_path/Frameworks";
				OTHER_LDFLAGS = (
					"-ObjC",
					"-framework",
					CoreGraphics,
					"-framework",
					MobileCoreServices,
					"-framework",
					Security,
					"-framework",
					SystemConfiguration,
				);
				PRODUCT_NAME = "$(TARGET_NAME)";
				SWIFT_OBJC_BRIDGING_HEADER = "learnSwift/learnSwift-Bridging-Header.h";
				SWIFT_OPTIMIZATION_LEVEL = "-Onone";
			};
			name = Debug;
		};
		CEF0CE34193ED0DA003395DF /* Release */ = {
			isa = XCBuildConfiguration;
			baseConfigurationReference = 9DD6C17904AE48108942F082 /* Pods.xcconfig */;
			buildSettings = {
				ASSETCATALOG_COMPILER_APPICON_NAME = AppIcon;
				ASSETCATALOG_COMPILER_LAUNCHIMAGE_NAME = LaunchImage;
				CLANG_ENABLE_MODULES = YES;
				INFOPLIST_FILE = learnSwift/Info.plist;
				IPHONEOS_DEPLOYMENT_TARGET = 8.0;
				LD_RUNPATH_SEARCH_PATHS = "$(inherited) @executable_path/Frameworks";
				OTHER_LDFLAGS = (
					"-ObjC",
					"-framework",
					CoreGraphics,
					"-framework",
					MobileCoreServices,
					"-framework",
					Security,
					"-framework",
					SystemConfiguration,
				);
				PRODUCT_NAME = "$(TARGET_NAME)";
				SWIFT_OBJC_BRIDGING_HEADER = "learnSwift/learnSwift-Bridging-Header.h";
			};
			name = Release;
		};
		CEF0CE36193ED0DA003395DF /* Debug */ = {
			isa = XCBuildConfiguration;
			buildSettings = {
				BUNDLE_LOADER = "$(BUILT_PRODUCTS_DIR)/learnSwift.app/learnSwift";
				CLANG_ENABLE_MODULES = YES;
				FRAMEWORK_SEARCH_PATHS = (
					"$(SDKROOT)/Developer/Library/Frameworks",
					"$(inherited)",
				);
				GCC_PREPROCESSOR_DEFINITIONS = (
					"DEBUG=1",
					"$(inherited)",
				);
				INFOPLIST_FILE = learnSwiftTests/Info.plist;
				LD_RUNPATH_SEARCH_PATHS = "$(inherited) @executable_path/Frameworks @loader_path/Frameworks";
				METAL_ENABLE_DEBUG_INFO = YES;
				PRODUCT_NAME = "$(TARGET_NAME)";
				SWIFT_OBJC_BRIDGING_HEADER = "learnSwift/learnSwiftTests-Bridging-Header.h";
				SWIFT_OPTIMIZATION_LEVEL = "-Onone";
				TEST_HOST = "$(BUNDLE_LOADER)";
			};
			name = Debug;
		};
		CEF0CE37193ED0DA003395DF /* Release */ = {
			isa = XCBuildConfiguration;
			buildSettings = {
				BUNDLE_LOADER = "$(BUILT_PRODUCTS_DIR)/learnSwift.app/learnSwift";
				CLANG_ENABLE_MODULES = YES;
				FRAMEWORK_SEARCH_PATHS = (
					"$(SDKROOT)/Developer/Library/Frameworks",
					"$(inherited)",
				);
				INFOPLIST_FILE = learnSwiftTests/Info.plist;
				LD_RUNPATH_SEARCH_PATHS = "$(inherited) @executable_path/Frameworks @loader_path/Frameworks";
				METAL_ENABLE_DEBUG_INFO = NO;
				PRODUCT_NAME = "$(TARGET_NAME)";
				SWIFT_OBJC_BRIDGING_HEADER = "learnSwift/learnSwiftTests-Bridging-Header.h";
				TEST_HOST = "$(BUNDLE_LOADER)";
			};
			name = Release;
		};
/* End XCBuildConfiguration section */

/* Begin XCConfigurationList section */
		CE9FC3791949412600232400 /* Build configuration list for PBXNativeTarget "PPSViewKit" */ = {
			isa = XCConfigurationList;
			buildConfigurations = (
				CE9FC3751949412600232400 /* Debug */,
				CE9FC3761949412600232400 /* Release */,
			);
			defaultConfigurationIsVisible = 0;
			defaultConfigurationName = Release;
		};
		CE9FC37B1949412600232400 /* Build configuration list for PBXNativeTarget "PPSViewKitTests" */ = {
			isa = XCConfigurationList;
			buildConfigurations = (
				CE9FC3771949412600232400 /* Debug */,
				CE9FC3781949412600232400 /* Release */,
			);
			defaultConfigurationIsVisible = 0;
			defaultConfigurationName = Release;
		};
		CEF0CE0F193ED0DA003395DF /* Build configuration list for PBXProject "learnSwift" */ = {
			isa = XCConfigurationList;
			buildConfigurations = (
				CEF0CE30193ED0DA003395DF /* Debug */,
				CEF0CE31193ED0DA003395DF /* Release */,
			);
			defaultConfigurationIsVisible = 0;
			defaultConfigurationName = Release;
		};
		CEF0CE32193ED0DA003395DF /* Build configuration list for PBXNativeTarget "learnSwift" */ = {
			isa = XCConfigurationList;
			buildConfigurations = (
				CEF0CE33193ED0DA003395DF /* Debug */,
				CEF0CE34193ED0DA003395DF /* Release */,
			);
			defaultConfigurationIsVisible = 0;
			defaultConfigurationName = Release;
		};
		CEF0CE35193ED0DA003395DF /* Build configuration list for PBXNativeTarget "learnSwiftTests" */ = {
			isa = XCConfigurationList;
			buildConfigurations = (
				CEF0CE36193ED0DA003395DF /* Debug */,
				CEF0CE37193ED0DA003395DF /* Release */,
			);
			defaultConfigurationIsVisible = 0;
			defaultConfigurationName = Release;
		};
/* End XCConfigurationList section */
	};
	rootObject = CEF0CE0C193ED0DA003395DF /* Project object */;
}
